// !$*UTF8*$!
{
	archiveVersion = 1;
	classes = {
	};
	objectVersion = 50;
	objects = {

/* Begin PBXBuildFile section */
		1715EAAF23336FE500B49EF2 /* 1065.cpp in Sources */ = {isa = PBXBuildFile; fileRef = 1715EAAE23336FE500B49EF2 /* 1065.cpp */; };
/* End PBXBuildFile section */

/* Begin PBXCopyFilesBuildPhase section */
		171180BD22F0902000E614F1 /* CopyFiles */ = {
			isa = PBXCopyFilesBuildPhase;
			buildActionMask = 2147483647;
			dstPath = /usr/share/man/man1/;
			dstSubfolderSpec = 0;
			files = (
			);
			runOnlyForDeploymentPostprocessing = 1;
		};
/* End PBXCopyFilesBuildPhase section */

/* Begin PBXFileReference section */
		170163E822FF10AC00E6EC8D /* 9095.cpp */ = {isa = PBXFileReference; lastKnownFileType = sourcecode.cpp.cpp; path = 9095.cpp; sourceTree = "<group>"; };
		1702BF252301ACA600A1C847 /* 1149.cpp */ = {isa = PBXFileReference; lastKnownFileType = sourcecode.cpp.cpp; path = 1149.cpp; sourceTree = "<group>"; };
		1702BF272301AFF300A1C847 /* 2193.cpp */ = {isa = PBXFileReference; lastKnownFileType = sourcecode.cpp.cpp; path = 2193.cpp; sourceTree = "<group>"; };
		1702BF292302B61400A1C847 /* 1932.cpp */ = {isa = PBXFileReference; lastKnownFileType = sourcecode.cpp.cpp; path = 1932.cpp; sourceTree = "<group>"; };
		1702BF2B2302B8EC00A1C847 /* 2156.cpp */ = {isa = PBXFileReference; lastKnownFileType = sourcecode.cpp.cpp; path = 2156.cpp; sourceTree = "<group>"; };
		171180BF22F0902000E614F1 /* BOJ */ = {isa = PBXFileReference; explicitFileType = "compiled.mach-o.executable"; includeInIndex = 0; path = BOJ; sourceTree = BUILT_PRODUCTS_DIR; };
		171180CE22F0912B00E614F1 /* 2743.cpp */ = {isa = PBXFileReference; lastKnownFileType = sourcecode.cpp.cpp; path = 2743.cpp; sourceTree = "<group>"; };
		171180D022F0921900E614F1 /* 2455.cpp */ = {isa = PBXFileReference; lastKnownFileType = sourcecode.cpp.cpp; path = 2455.cpp; sourceTree = "<group>"; };
		171180D222F0939500E614F1 /* 10998.cpp */ = {isa = PBXFileReference; lastKnownFileType = sourcecode.cpp.cpp; path = 10998.cpp; sourceTree = "<group>"; };
		171180D422F093F300E614F1 /* 2902.cpp */ = {isa = PBXFileReference; lastKnownFileType = sourcecode.cpp.cpp; path = 2902.cpp; sourceTree = "<group>"; };
		1715EAAE23336FE500B49EF2 /* 1065.cpp */ = {isa = PBXFileReference; lastKnownFileType = sourcecode.cpp.cpp; path = 1065.cpp; sourceTree = "<group>"; };
		1731C02D23059C39002C5145 /* 1978.cpp */ = {isa = PBXFileReference; lastKnownFileType = sourcecode.cpp.cpp; path = 1978.cpp; sourceTree = "<group>"; };
		1731C02F2305A21A002C5145 /* 1475.cpp */ = {isa = PBXFileReference; lastKnownFileType = sourcecode.cpp.cpp; path = 1475.cpp; sourceTree = "<group>"; };
		1731C0312306A793002C5145 /* 2163.cpp */ = {isa = PBXFileReference; lastKnownFileType = sourcecode.cpp.cpp; path = 2163.cpp; sourceTree = "<group>"; };
		1731C0332306ACE2002C5145 /* 1085.cpp */ = {isa = PBXFileReference; lastKnownFileType = sourcecode.cpp.cpp; path = 1085.cpp; sourceTree = "<group>"; };
		1745CA2422FEBE350044A2C5 /* 1003.cpp */ = {isa = PBXFileReference; lastKnownFileType = sourcecode.cpp.cpp; path = 1003.cpp; sourceTree = "<group>"; };
		1745CA2622FEC71E0044A2C5 /* 1912.cpp */ = {isa = PBXFileReference; lastKnownFileType = sourcecode.cpp.cpp; path = 1912.cpp; sourceTree = "<group>"; };
		17475920230E55A1002A1325 /* 5567.cpp */ = {isa = PBXFileReference; lastKnownFileType = sourcecode.cpp.cpp; path = 5567.cpp; sourceTree = "<group>"; };
		17475922230E62E1002A1325 /* 5719.cpp */ = {isa = PBXFileReference; lastKnownFileType = sourcecode.cpp.cpp; path = 5719.cpp; sourceTree = "<group>"; };
		175C33E5230D4F17003BA4F3 /* 11404.cpp */ = {isa = PBXFileReference; lastKnownFileType = sourcecode.cpp.cpp; path = 11404.cpp; sourceTree = "<group>"; };
		175C33E8230D762C003BA4F3 /* 1068.cpp */ = {isa = PBXFileReference; lastKnownFileType = sourcecode.cpp.cpp; path = 1068.cpp; sourceTree = "<group>"; };
		175FFE7A22F99BE800EE45B5 /* 2577.cpp */ = {isa = PBXFileReference; lastKnownFileType = sourcecode.cpp.cpp; path = 2577.cpp; sourceTree = "<group>"; };
		175FFE7C22F99EF400EE45B5 /* 10799.cpp */ = {isa = PBXFileReference; lastKnownFileType = sourcecode.cpp.cpp; path = 10799.cpp; sourceTree = "<group>"; };
		175FFE7E22F9A63500EE45B5 /* 6603.cpp */ = {isa = PBXFileReference; lastKnownFileType = sourcecode.cpp.cpp; path = 6603.cpp; sourceTree = "<group>"; };
		17A20E5E22F18ADF00CFBCF6 /* 3046.cpp */ = {isa = PBXFileReference; lastKnownFileType = sourcecode.cpp.cpp; path = 3046.cpp; sourceTree = "<group>"; };
		17A20E5F22F18ADF00CFBCF6 /* 11654.cpp */ = {isa = PBXFileReference; lastKnownFileType = sourcecode.cpp.cpp; path = 11654.cpp; sourceTree = "<group>"; };
		17A20E6022F18B0B00CFBCF6 /* 11022.cpp */ = {isa = PBXFileReference; lastKnownFileType = sourcecode.cpp.cpp; path = 11022.cpp; sourceTree = "<group>"; };
		17C1361E23040DD600CD90A0 /* 2839.cpp */ = {isa = PBXFileReference; lastKnownFileType = sourcecode.cpp.cpp; path = 2839.cpp; sourceTree = "<group>"; };
		17C1362223041E3300CD90A0 /* 1110.cpp */ = {isa = PBXFileReference; lastKnownFileType = sourcecode.cpp.cpp; path = 1110.cpp; sourceTree = "<group>"; };
		17C376A92306BC3B0007B635 /* 1222.cpp */ = {isa = PBXFileReference; lastKnownFileType = sourcecode.cpp.cpp; path = 1222.cpp; sourceTree = "<group>"; };
		17D143F822FFE6C5002001F2 /* 2579.cpp */ = {isa = PBXFileReference; lastKnownFileType = sourcecode.cpp.cpp; path = 2579.cpp; sourceTree = "<group>"; };
		17D143FA22FFED3B002001F2 /* 11726.cpp */ = {isa = PBXFileReference; lastKnownFileType = sourcecode.cpp.cpp; path = 11726.cpp; sourceTree = "<group>"; };
		17E9E56422FDA098000FF198 /* 1463.cpp */ = {isa = PBXFileReference; lastKnownFileType = sourcecode.cpp.cpp; path = 1463.cpp; sourceTree = "<group>"; };
		17F223B723330DD1004A335B /* 1260.cpp */ = {isa = PBXFileReference; fileEncoding = 4; lastKnownFileType = sourcecode.cpp.cpp; path = 1260.cpp; sourceTree = "<group>"; };
		17F223B923330DD1004A335B /* ex.cpp */ = {isa = PBXFileReference; fileEncoding = 4; lastKnownFileType = sourcecode.cpp.cpp; path = ex.cpp; sourceTree = "<group>"; };
		17F223BA23330DD1004A335B /* 2188.cpp */ = {isa = PBXFileReference; fileEncoding = 4; lastKnownFileType = sourcecode.cpp.cpp; path = 2188.cpp; sourceTree = "<group>"; };
		17F223BC23330DD1004A335B /* 1238.cpp */ = {isa = PBXFileReference; fileEncoding = 4; lastKnownFileType = sourcecode.cpp.cpp; path = 1238.cpp; sourceTree = "<group>"; };
		17F223BD23330DD1004A335B /* 1916.cpp */ = {isa = PBXFileReference; fileEncoding = 4; lastKnownFileType = sourcecode.cpp.cpp; path = 1916.cpp; sourceTree = "<group>"; };
		17F223BE23330DD1004A335B /* 1753.cpp */ = {isa = PBXFileReference; fileEncoding = 4; lastKnownFileType = sourcecode.cpp.cpp; path = 1753.cpp; sourceTree = "<group>"; };
		17F223C023330DD1004A335B /* 1946.cpp */ = {isa = PBXFileReference; fileEncoding = 4; lastKnownFileType = sourcecode.cpp.cpp; path = 1946.cpp; sourceTree = "<group>"; };
		17F223C123330DD1004A335B /* 2875.cpp */ = {isa = PBXFileReference; fileEncoding = 4; lastKnownFileType = sourcecode.cpp.cpp; path = 2875.cpp; sourceTree = "<group>"; };
		17F223C223330DD1004A335B /* 1931.cpp */ = {isa = PBXFileReference; fileEncoding = 4; lastKnownFileType = sourcecode.cpp.cpp; path = 1931.cpp; sourceTree = "<group>"; };
		17F223C323330DD1004A335B /* 10610.cpp */ = {isa = PBXFileReference; fileEncoding = 4; lastKnownFileType = sourcecode.cpp.cpp; path = 10610.cpp; sourceTree = "<group>"; };
		17F223C423330DD1004A335B /* 11047.cpp */ = {isa = PBXFileReference; fileEncoding = 4; lastKnownFileType = sourcecode.cpp.cpp; path = 11047.cpp; sourceTree = "<group>"; };
		17F223C523330DD1004A335B /* 2217.cpp */ = {isa = PBXFileReference; fileEncoding = 4; lastKnownFileType = sourcecode.cpp.cpp; path = 2217.cpp; sourceTree = "<group>"; };
		17F223C623330DD1004A335B /* 5585.cpp */ = {isa = PBXFileReference; fileEncoding = 4; lastKnownFileType = sourcecode.cpp.cpp; path = 5585.cpp; sourceTree = "<group>"; };
		17F223C723330DD1004A335B /* 1120.cpp */ = {isa = PBXFileReference; fileEncoding = 4; lastKnownFileType = sourcecode.cpp.cpp; path = 1120.cpp; sourceTree = "<group>"; };
		17F223C823330DD1004A335B /* 11399.cpp */ = {isa = PBXFileReference; fileEncoding = 4; lastKnownFileType = sourcecode.cpp.cpp; path = 11399.cpp; sourceTree = "<group>"; };
		17F223D823330DE2004A335B /* 1707.cpp */ = {isa = PBXFileReference; lastKnownFileType = sourcecode.cpp.cpp; path = 1707.cpp; sourceTree = "<group>"; };
		17F223D923330DE2004A335B /* 1389.cpp */ = {isa = PBXFileReference; lastKnownFileType = sourcecode.cpp.cpp; path = 1389.cpp; sourceTree = "<group>"; };
		17F223DA23330DE2004A335B /* 1507.cpp */ = {isa = PBXFileReference; lastKnownFileType = sourcecode.cpp.cpp; path = 1507.cpp; sourceTree = "<group>"; };
		17F223DB23330DE2004A335B /* 1671.cpp */ = {isa = PBXFileReference; lastKnownFileType = sourcecode.cpp.cpp; path = 1671.cpp; sourceTree = "<group>"; };
		17F223DC23330DE2004A335B /* 2162.cpp */ = {isa = PBXFileReference; lastKnownFileType = sourcecode.cpp.cpp; path = 2162.cpp; sourceTree = "<group>"; };
		17F5727822FC18D4000D7E67 /* 4963.cpp */ = {isa = PBXFileReference; lastKnownFileType = sourcecode.cpp.cpp; path = 4963.cpp; sourceTree = "<group>"; };
/* End PBXFileReference section */

/* Begin PBXFrameworksBuildPhase section */
		171180BC22F0902000E614F1 /* Frameworks */ = {
			isa = PBXFrameworksBuildPhase;
			buildActionMask = 2147483647;
			files = (
			);
			runOnlyForDeploymentPostprocessing = 0;
		};
/* End PBXFrameworksBuildPhase section */

/* Begin PBXGroup section */
		171180B622F0902000E614F1 = {
			isa = PBXGroup;
			children = (
				1715EAAD23336FA200B49EF2 /* BruteForce */,
				17F223B623330DD1004A335B /* BFS */,
				17F223BB23330DD1004A335B /* Dijkstra */,
				17F223BF23330DD1004A335B /* GreedyAlgorithm */,
				17F223B823330DD1004A335B /* NetworkFlow */,
				17C376A82306BC300007B635 /* RL */,
				17C1361D23040DC400CD90A0 /* Math */,
				17F5727722FC18BE000D7E67 /* Graph */,
				17E9E56322FDA070000FF198 /* DP */,
				171180CE22F0912B00E614F1 /* 2743.cpp */,
				171180D022F0921900E614F1 /* 2455.cpp */,
				171180D222F0939500E614F1 /* 10998.cpp */,
				171180D422F093F300E614F1 /* 2902.cpp */,
				17A20E5E22F18ADF00CFBCF6 /* 3046.cpp */,
				17A20E6022F18B0B00CFBCF6 /* 11022.cpp */,
				17A20E5F22F18ADF00CFBCF6 /* 11654.cpp */,
				175FFE7A22F99BE800EE45B5 /* 2577.cpp */,
				175FFE7C22F99EF400EE45B5 /* 10799.cpp */,
				175FFE7E22F9A63500EE45B5 /* 6603.cpp */,
				171180C022F0902000E614F1 /* Products */,
			);
			sourceTree = "<group>";
		};
		171180C022F0902000E614F1 /* Products */ = {
			isa = PBXGroup;
			children = (
				171180BF22F0902000E614F1 /* BOJ */,
			);
			name = Products;
			sourceTree = "<group>";
		};
		1715EAAD23336FA200B49EF2 /* BruteForce */ = {
			isa = PBXGroup;
			children = (
				1715EAAE23336FE500B49EF2 /* 1065.cpp */,
			);
			path = BruteForce;
			sourceTree = "<group>";
		};
		17C1361D23040DC400CD90A0 /* Math */ = {
			isa = PBXGroup;
			children = (
				17C1361E23040DD600CD90A0 /* 2839.cpp */,
				17C1362223041E3300CD90A0 /* 1110.cpp */,
				1731C02D23059C39002C5145 /* 1978.cpp */,
				1731C02F2305A21A002C5145 /* 1475.cpp */,
				1731C0312306A793002C5145 /* 2163.cpp */,
				1731C0332306ACE2002C5145 /* 1085.cpp */,
			);
			path = Math;
			sourceTree = "<group>";
		};
		17C376A82306BC300007B635 /* RL */ = {
			isa = PBXGroup;
			children = (
				17C376A92306BC3B0007B635 /* 1222.cpp */,
			);
			path = RL;
			sourceTree = "<group>";
		};
		17E9E56322FDA070000FF198 /* DP */ = {
			isa = PBXGroup;
			children = (
				17E9E56422FDA098000FF198 /* 1463.cpp */,
				1745CA2422FEBE350044A2C5 /* 1003.cpp */,
				1745CA2622FEC71E0044A2C5 /* 1912.cpp */,
				170163E822FF10AC00E6EC8D /* 9095.cpp */,
				17D143F822FFE6C5002001F2 /* 2579.cpp */,
				17D143FA22FFED3B002001F2 /* 11726.cpp */,
				1702BF252301ACA600A1C847 /* 1149.cpp */,
				1702BF272301AFF300A1C847 /* 2193.cpp */,
				1702BF292302B61400A1C847 /* 1932.cpp */,
				1702BF2B2302B8EC00A1C847 /* 2156.cpp */,
			);
			path = DP;
			sourceTree = "<group>";
		};
		17F223B623330DD1004A335B /* BFS */ = {
			isa = PBXGroup;
			children = (
				17F223B723330DD1004A335B /* 1260.cpp */,
			);
			path = BFS;
			sourceTree = "<group>";
		};
		17F223B823330DD1004A335B /* NetworkFlow */ = {
			isa = PBXGroup;
			children = (
				17F223B923330DD1004A335B /* ex.cpp */,
				17F223BA23330DD1004A335B /* 2188.cpp */,
			);
			path = NetworkFlow;
			sourceTree = "<group>";
		};
		17F223BB23330DD1004A335B /* Dijkstra */ = {
			isa = PBXGroup;
			children = (
				17F223BC23330DD1004A335B /* 1238.cpp */,
				17F223BD23330DD1004A335B /* 1916.cpp */,
				17F223BE23330DD1004A335B /* 1753.cpp */,
			);
			path = Dijkstra;
			sourceTree = "<group>";
		};
		17F223BF23330DD1004A335B /* GreedyAlgorithm */ = {
			isa = PBXGroup;
			children = (
				17F223C023330DD1004A335B /* 1946.cpp */,
				17F223C123330DD1004A335B /* 2875.cpp */,
				17F223C223330DD1004A335B /* 1931.cpp */,
				17F223C323330DD1004A335B /* 10610.cpp */,
				17F223C423330DD1004A335B /* 11047.cpp */,
				17F223C523330DD1004A335B /* 2217.cpp */,
				17F223C623330DD1004A335B /* 5585.cpp */,
				17F223C723330DD1004A335B /* 1120.cpp */,
				17F223C823330DD1004A335B /* 11399.cpp */,
			);
			path = GreedyAlgorithm;
			sourceTree = "<group>";
		};
		17F5727722FC18BE000D7E67 /* Graph */ = {
			isa = PBXGroup;
			children = (
				17F223D923330DE2004A335B /* 1389.cpp */,
				17F223DA23330DE2004A335B /* 1507.cpp */,
				17F223DB23330DE2004A335B /* 1671.cpp */,
				17F223D823330DE2004A335B /* 1707.cpp */,
				17F223DC23330DE2004A335B /* 2162.cpp */,
				17F5727822FC18D4000D7E67 /* 4963.cpp */,
				175C33E5230D4F17003BA4F3 /* 11404.cpp */,
				175C33E8230D762C003BA4F3 /* 1068.cpp */,
				17475920230E55A1002A1325 /* 5567.cpp */,
				17475922230E62E1002A1325 /* 5719.cpp */,
			);
			path = Graph;
			sourceTree = "<group>";
		};
/* End PBXGroup section */

/* Begin PBXNativeTarget section */
		171180BE22F0902000E614F1 /* BOJ */ = {
			isa = PBXNativeTarget;
			buildConfigurationList = 171180C622F0902000E614F1 /* Build configuration list for PBXNativeTarget "BOJ" */;
			buildPhases = (
				171180BB22F0902000E614F1 /* Sources */,
				171180BC22F0902000E614F1 /* Frameworks */,
				171180BD22F0902000E614F1 /* CopyFiles */,
			);
			buildRules = (
			);
			dependencies = (
			);
			name = BOJ;
			productName = BOJ;
			productReference = 171180BF22F0902000E614F1 /* BOJ */;
			productType = "com.apple.product-type.tool";
		};
/* End PBXNativeTarget section */

/* Begin PBXProject section */
		171180B722F0902000E614F1 /* Project object */ = {
			isa = PBXProject;
			attributes = {
				LastUpgradeCheck = 1030;
				ORGANIZATIONNAME = kouz;
				TargetAttributes = {
					171180BE22F0902000E614F1 = {
						CreatedOnToolsVersion = 10.3;
					};
				};
			};
			buildConfigurationList = 171180BA22F0902000E614F1 /* Build configuration list for PBXProject "BOJ" */;
			compatibilityVersion = "Xcode 9.3";
			developmentRegion = en;
			hasScannedForEncodings = 0;
			knownRegions = (
				en,
			);
			mainGroup = 171180B622F0902000E614F1;
			productRefGroup = 171180C022F0902000E614F1 /* Products */;
			projectDirPath = "";
			projectRoot = "";
			targets = (
				171180BE22F0902000E614F1 /* BOJ */,
			);
		};
/* End PBXProject section */

/* Begin PBXSourcesBuildPhase section */
		171180BB22F0902000E614F1 /* Sources */ = {
			isa = PBXSourcesBuildPhase;
			buildActionMask = 2147483647;
			files = (
				1715EAAF23336FE500B49EF2 /* 1065.cpp in Sources */,
			);
			runOnlyForDeploymentPostprocessing = 0;
		};
/* End PBXSourcesBuildPhase section */

/* Begin XCBuildConfiguration section */
		171180C422F0902000E614F1 /* Debug */ = {
			isa = XCBuildConfiguration;
			buildSettings = {
				ALWAYS_SEARCH_USER_PATHS = NO;
				CLANG_ANALYZER_NONNULL = YES;
				CLANG_ANALYZER_NUMBER_OBJECT_CONVERSION = YES_AGGRESSIVE;
				CLANG_CXX_LANGUAGE_STANDARD = "gnu++14";
				CLANG_CXX_LIBRARY = "libc++";
				CLANG_ENABLE_MODULES = YES;
				CLANG_ENABLE_OBJC_ARC = YES;
				CLANG_ENABLE_OBJC_WEAK = YES;
				CLANG_WARN_BLOCK_CAPTURE_AUTORELEASING = YES;
				CLANG_WARN_BOOL_CONVERSION = YES;
				CLANG_WARN_COMMA = YES;
				CLANG_WARN_CONSTANT_CONVERSION = YES;
				CLANG_WARN_DEPRECATED_OBJC_IMPLEMENTATIONS = YES;
				CLANG_WARN_DIRECT_OBJC_ISA_USAGE = YES_ERROR;
				CLANG_WARN_DOCUMENTATION_COMMENTS = YES;
				CLANG_WARN_EMPTY_BODY = YES;
				CLANG_WARN_ENUM_CONVERSION = YES;
				CLANG_WARN_INFINITE_RECURSION = YES;
				CLANG_WARN_INT_CONVERSION = YES;
				CLANG_WARN_NON_LITERAL_NULL_CONVERSION = YES;
				CLANG_WARN_OBJC_IMPLICIT_RETAIN_SELF = YES;
				CLANG_WARN_OBJC_LITERAL_CONVERSION = YES;
				CLANG_WARN_OBJC_ROOT_CLASS = YES_ERROR;
				CLANG_WARN_RANGE_LOOP_ANALYSIS = YES;
				CLANG_WARN_STRICT_PROTOTYPES = YES;
				CLANG_WARN_SUSPICIOUS_MOVE = YES;
				CLANG_WARN_UNGUARDED_AVAILABILITY = YES_AGGRESSIVE;
				CLANG_WARN_UNREACHABLE_CODE = YES;
				CLANG_WARN__DUPLICATE_METHOD_MATCH = YES;
				CODE_SIGN_IDENTITY = "-";
				COPY_PHASE_STRIP = NO;
				DEBUG_INFORMATION_FORMAT = dwarf;
				ENABLE_STRICT_OBJC_MSGSEND = YES;
				ENABLE_TESTABILITY = YES;
				GCC_C_LANGUAGE_STANDARD = gnu11;
				GCC_DYNAMIC_NO_PIC = NO;
				GCC_NO_COMMON_BLOCKS = YES;
				GCC_OPTIMIZATION_LEVEL = 0;
				GCC_PREPROCESSOR_DEFINITIONS = (
					"DEBUG=1",
					"$(inherited)",
				);
				GCC_WARN_64_TO_32_BIT_CONVERSION = YES;
				GCC_WARN_ABOUT_RETURN_TYPE = YES_ERROR;
				GCC_WARN_UNDECLARED_SELECTOR = YES;
				GCC_WARN_UNINITIALIZED_AUTOS = YES_AGGRESSIVE;
				GCC_WARN_UNUSED_FUNCTION = YES;
				GCC_WARN_UNUSED_VARIABLE = YES;
				MACOSX_DEPLOYMENT_TARGET = 10.14;
				MTL_ENABLE_DEBUG_INFO = INCLUDE_SOURCE;
				MTL_FAST_MATH = YES;
				ONLY_ACTIVE_ARCH = YES;
				SDKROOT = macosx;
			};
			name = Debug;
		};
		171180C522F0902000E614F1 /* Release */ = {
			isa = XCBuildConfiguration;
			buildSettings = {
				ALWAYS_SEARCH_USER_PATHS = NO;
				CLANG_ANALYZER_NONNULL = YES;
				CLANG_ANALYZER_NUMBER_OBJECT_CONVERSION = YES_AGGRESSIVE;
				CLANG_CXX_LANGUAGE_STANDARD = "gnu++14";
				CLANG_CXX_LIBRARY = "libc++";
				CLANG_ENABLE_MODULES = YES;
				CLANG_ENABLE_OBJC_ARC = YES;
				CLANG_ENABLE_OBJC_WEAK = YES;
				CLANG_WARN_BLOCK_CAPTURE_AUTORELEASING = YES;
				CLANG_WARN_BOOL_CONVERSION = YES;
				CLANG_WARN_COMMA = YES;
				CLANG_WARN_CONSTANT_CONVERSION = YES;
				CLANG_WARN_DEPRECATED_OBJC_IMPLEMENTATIONS = YES;
				CLANG_WARN_DIRECT_OBJC_ISA_USAGE = YES_ERROR;
				CLANG_WARN_DOCUMENTATION_COMMENTS = YES;
				CLANG_WARN_EMPTY_BODY = YES;
				CLANG_WARN_ENUM_CONVERSION = YES;
				CLANG_WARN_INFINITE_RECURSION = YES;
				CLANG_WARN_INT_CONVERSION = YES;
				CLANG_WARN_NON_LITERAL_NULL_CONVERSION = YES;
				CLANG_WARN_OBJC_IMPLICIT_RETAIN_SELF = YES;
				CLANG_WARN_OBJC_LITERAL_CONVERSION = YES;
				CLANG_WARN_OBJC_ROOT_CLASS = YES_ERROR;
				CLANG_WARN_RANGE_LOOP_ANALYSIS = YES;
				CLANG_WARN_STRICT_PROTOTYPES = YES;
				CLANG_WARN_SUSPICIOUS_MOVE = YES;
				CLANG_WARN_UNGUARDED_AVAILABILITY = YES_AGGRESSIVE;
				CLANG_WARN_UNREACHABLE_CODE = YES;
				CLANG_WARN__DUPLICATE_METHOD_MATCH = YES;
				CODE_SIGN_IDENTITY = "-";
				COPY_PHASE_STRIP = NO;
				DEBUG_INFORMATION_FORMAT = "dwarf-with-dsym";
				ENABLE_NS_ASSERTIONS = NO;
				ENABLE_STRICT_OBJC_MSGSEND = YES;
				GCC_C_LANGUAGE_STANDARD = gnu11;
				GCC_NO_COMMON_BLOCKS = YES;
				GCC_WARN_64_TO_32_BIT_CONVERSION = YES;
				GCC_WARN_ABOUT_RETURN_TYPE = YES_ERROR;
				GCC_WARN_UNDECLARED_SELECTOR = YES;
				GCC_WARN_UNINITIALIZED_AUTOS = YES_AGGRESSIVE;
				GCC_WARN_UNUSED_FUNCTION = YES;
				GCC_WARN_UNUSED_VARIABLE = YES;
				MACOSX_DEPLOYMENT_TARGET = 10.14;
				MTL_ENABLE_DEBUG_INFO = NO;
				MTL_FAST_MATH = YES;
				SDKROOT = macosx;
			};
			name = Release;
		};
		171180C722F0902000E614F1 /* Debug */ = {
			isa = XCBuildConfiguration;
			buildSettings = {
				CODE_SIGN_STYLE = Automatic;
				PRODUCT_NAME = "$(TARGET_NAME)";
			};
			name = Debug;
		};
		171180C822F0902000E614F1 /* Release */ = {
			isa = XCBuildConfiguration;
			buildSettings = {
				CODE_SIGN_STYLE = Automatic;
				PRODUCT_NAME = "$(TARGET_NAME)";
			};
			name = Release;
		};
/* End XCBuildConfiguration section */

/* Begin XCConfigurationList section */
		171180BA22F0902000E614F1 /* Build configuration list for PBXProject "BOJ" */ = {
			isa = XCConfigurationList;
			buildConfigurations = (
				171180C422F0902000E614F1 /* Debug */,
				171180C522F0902000E614F1 /* Release */,
			);
			defaultConfigurationIsVisible = 0;
			defaultConfigurationName = Release;
		};
		171180C622F0902000E614F1 /* Build configuration list for PBXNativeTarget "BOJ" */ = {
			isa = XCConfigurationList;
			buildConfigurations = (
				171180C722F0902000E614F1 /* Debug */,
				171180C822F0902000E614F1 /* Release */,
			);
			defaultConfigurationIsVisible = 0;
			defaultConfigurationName = Release;
		};
/* End XCConfigurationList section */
	};
	rootObject = 171180B722F0902000E614F1 /* Project object */;
}
